
Microsoft Visual Studio Solution File, Format Version 12.00
# Visual Studio Version 16
VisualStudioVersion = 16.0.31112.23
MinimumVisualStudioVersion = 10.0.40219.1
Project("{E24C65DC-7377-472B-9ABA-BC803B73C61A}") = "Okasion", "http://localhost:63357", "{1A9B03B7-4ACA-44BA-8F7D-131A5764DA7E}"
	ProjectSection(WebsiteProperties) = preProject
		UseIISExpress = "true"
		TargetFrameworkMoniker = ".NETFramework,Version%3Dv4.0"
		Debug.AspNetCompiler.VirtualPath = "/localhost_63357"
		Debug.AspNetCompiler.PhysicalPath = "..\..\..\Documents\My Web Sites\Okasion\"
		Debug.AspNetCompiler.TargetPath = "PrecompiledWeb\localhost_63357\"
		Debug.AspNetCompiler.Updateable = "true"
		Debug.AspNetCompiler.ForceOverwrite = "true"
		Debug.AspNetCompiler.FixedNames = "false"
		Debug.AspNetCompiler.Debug = "True"
		Release.AspNetCompiler.VirtualPath = "/localhost_63357"
		Release.AspNetCompiler.PhysicalPath = "..\..\..\Documents\My Web Sites\Okasion\"
		Release.AspNetCompiler.TargetPath = "PrecompiledWeb\localhost_63357\"
		Release.AspNetCompiler.Updateable = "true"
		Release.AspNetCompiler.ForceOverwrite = "true"
		Release.AspNetCompiler.FixedNames = "false"
		Release.AspNetCompiler.Debug = "False"
		SlnRelativePath = "..\..\..\Documents\My Web Sites\Okasion\"
	EndProjectSection
EndProject
Global
	GlobalSection(SolutionConfigurationPlatforms) = preSolution
		Debug|Any CPU = Debug|Any CPU
	EndGlobalSection
	GlobalSection(ProjectConfigurationPlatforms) = postSolution
		{1A9B03B7-4ACA-44BA-8F7D-131A5764DA7E}.Debug|Any CPU.ActiveCfg = Debug|Any CPU
		{1A9B03B7-4ACA-44BA-8F7D-131A5764DA7E}.Debug|Any CPU.Build.0 = Debug|Any CPU
	EndGlobalSection
	GlobalSection(SolutionProperties) = preSolution
		HideSolutionNode = FALSE
	EndGlobalSection
	GlobalSection(ExtensibilityGlobals) = postSolution
		SolutionGuid = {E2D83694-CBF3-408A-BCB2-C0B8C8527610}
	EndGlobalSection
EndGlobal
